// !$*UTF8*$!
{
	archiveVersion = 1;
	classes = {
	};
	objectVersion = 50;
	objects = {

/* Begin PBXBuildFile section */
		6D07EC5E2427414500B51B4C /* SceneDelegate.swift in Sources */ = {isa = PBXBuildFile; fileRef = 6D07EC5D2427414500B51B4C /* SceneDelegate.swift */; };
		6D07EC6624275CA200B51B4C /* ResultsViewController.swift in Sources */ = {isa = PBXBuildFile; fileRef = 6D07EC6524275CA200B51B4C /* ResultsViewController.swift */; };
		6D07EC6824275D5100B51B4C /* String+Extension.swift in Sources */ = {isa = PBXBuildFile; fileRef = 6D07EC6724275D5100B51B4C /* String+Extension.swift */; };
		6D07EC6A24275D8800B51B4C /* CIImage+Extension.swift in Sources */ = {isa = PBXBuildFile; fileRef = 6D07EC6924275D8800B51B4C /* CIImage+Extension.swift */; };
		6D07EC732427633200B51B4C /* Dana-FaNum-Regular.ttf in Resources */ = {isa = PBXBuildFile; fileRef = 6D07EC712427633200B51B4C /* Dana-FaNum-Regular.ttf */; };
		6D07EC752427634800B51B4C /* Dana-FaNum-DemiBold.ttf in Resources */ = {isa = PBXBuildFile; fileRef = 6D07EC742427634800B51B4C /* Dana-FaNum-DemiBold.ttf */; };
		6D2FEBC6246410D000220B28 /* KerasModel.mlmodel in Sources */ = {isa = PBXBuildFile; fileRef = 6D2FEBC5246410D000220B28 /* KerasModel.mlmodel */; };
		6D476F752433377F004D2F73 /* RealTimeRecognitionViewController.swift in Sources */ = {isa = PBXBuildFile; fileRef = 6D476F742433377F004D2F73 /* RealTimeRecognitionViewController.swift */; };
		6D6BEFC92425F42B00D19F0F /* AppDelegate.swift in Sources */ = {isa = PBXBuildFile; fileRef = 6D6BEFC82425F42B00D19F0F /* AppDelegate.swift */; };
		6D6BEFCD2425F42B00D19F0F /* OfflineRecognitionViewController.swift in Sources */ = {isa = PBXBuildFile; fileRef = 6D6BEFCC2425F42B00D19F0F /* OfflineRecognitionViewController.swift */; };
		6D6BEFD02425F42B00D19F0F /* Main.storyboard in Resources */ = {isa = PBXBuildFile; fileRef = 6D6BEFCE2425F42B00D19F0F /* Main.storyboard */; };
		6D6BEFD22425F42F00D19F0F /* Assets.xcassets in Resources */ = {isa = PBXBuildFile; fileRef = 6D6BEFD12425F42F00D19F0F /* Assets.xcassets */; };
		6D6BEFD52425F42F00D19F0F /* LaunchScreen.storyboard in Resources */ = {isa = PBXBuildFile; fileRef = 6D6BEFD32425F42F00D19F0F /* LaunchScreen.storyboard */; };
		6D6BEFE32426126900D19F0F /* UIImage+Extension.swift in Sources */ = {isa = PBXBuildFile; fileRef = 6D6BEFE22426126900D19F0F /* UIImage+Extension.swift */; };
		6D6BEFE52426208800D19F0F /* SklearnModel.mlmodel in Sources */ = {isa = PBXBuildFile; fileRef = 6D6BEFE42426208800D19F0F /* SklearnModel.mlmodel */; };
/* End PBXBuildFile section */

/* Begin PBXFileReference section */
		6D07EC5D2427414500B51B4C /* SceneDelegate.swift */ = {isa = PBXFileReference; fileEncoding = 4; lastKnownFileType = sourcecode.swift; path = SceneDelegate.swift; sourceTree = "<group>"; };
		6D07EC6524275CA200B51B4C /* ResultsViewController.swift */ = {isa = PBXFileReference; lastKnownFileType = sourcecode.swift; path = ResultsViewController.swift; sourceTree = "<group>"; };
		6D07EC6724275D5100B51B4C /* String+Extension.swift */ = {isa = PBXFileReference; lastKnownFileType = sourcecode.swift; path = "String+Extension.swift"; sourceTree = "<group>"; };
		6D07EC6924275D8800B51B4C /* CIImage+Extension.swift */ = {isa = PBXFileReference; lastKnownFileType = sourcecode.swift; path = "CIImage+Extension.swift"; sourceTree = "<group>"; };
		6D07EC712427633200B51B4C /* Dana-FaNum-Regular.ttf */ = {isa = PBXFileReference; lastKnownFileType = file; path = "Dana-FaNum-Regular.ttf"; sourceTree = "<group>"; };
		6D07EC742427634800B51B4C /* Dana-FaNum-DemiBold.ttf */ = {isa = PBXFileReference; lastKnownFileType = file; path = "Dana-FaNum-DemiBold.ttf"; sourceTree = "<group>"; };
		6D2FEBC5246410D000220B28 /* KerasModel.mlmodel */ = {isa = PBXFileReference; lastKnownFileType = file.mlmodel; path = KerasModel.mlmodel; sourceTree = "<group>"; };
		6D476F742433377F004D2F73 /* RealTimeRecognitionViewController.swift */ = {isa = PBXFileReference; lastKnownFileType = sourcecode.swift; path = RealTimeRecognitionViewController.swift; sourceTree = "<group>"; };
		6D6BEFC52425F42B00D19F0F /* Handwritten Digit Recognition.app */ = {isa = PBXFileReference; explicitFileType = wrapper.application; includeInIndex = 0; path = "Handwritten Digit Recognition.app"; sourceTree = BUILT_PRODUCTS_DIR; };
		6D6BEFC82425F42B00D19F0F /* AppDelegate.swift */ = {isa = PBXFileReference; lastKnownFileType = sourcecode.swift; path = AppDelegate.swift; sourceTree = "<group>"; };
		6D6BEFCC2425F42B00D19F0F /* OfflineRecognitionViewController.swift */ = {isa = PBXFileReference; lastKnownFileType = sourcecode.swift; path = OfflineRecognitionViewController.swift; sourceTree = "<group>"; };
		6D6BEFCF2425F42B00D19F0F /* Base */ = {isa = PBXFileReference; lastKnownFileType = file.storyboard; name = Base; path = Base.lproj/Main.storyboard; sourceTree = "<group>"; };
		6D6BEFD12425F42F00D19F0F /* Assets.xcassets */ = {isa = PBXFileReference; lastKnownFileType = folder.assetcatalog; path = Assets.xcassets; sourceTree = "<group>"; };
		6D6BEFD42425F42F00D19F0F /* Base */ = {isa = PBXFileReference; lastKnownFileType = file.storyboard; name = Base; path = Base.lproj/LaunchScreen.storyboard; sourceTree = "<group>"; };
		6D6BEFD62425F42F00D19F0F /* Info.plist */ = {isa = PBXFileReference; lastKnownFileType = text.plist.xml; path = Info.plist; sourceTree = "<group>"; };
		6D6BEFE22426126900D19F0F /* UIImage+Extension.swift */ = {isa = PBXFileReference; lastKnownFileType = sourcecode.swift; path = "UIImage+Extension.swift"; sourceTree = "<group>"; };
		6D6BEFE42426208800D19F0F /* SklearnModel.mlmodel */ = {isa = PBXFileReference; lastKnownFileType = file.mlmodel; path = SklearnModel.mlmodel; sourceTree = "<group>"; };
/* End PBXFileReference section */

/* Begin PBXFrameworksBuildPhase section */
		6D6BEFC22425F42B00D19F0F /* Frameworks */ = {
			isa = PBXFrameworksBuildPhase;
			buildActionMask = 2147483647;
			files = (
			);
			runOnlyForDeploymentPostprocessing = 0;
		};
/* End PBXFrameworksBuildPhase section */

/* Begin PBXGroup section */
		6D07EC6B24275DBB00B51B4C /* Delegates */ = {
			isa = PBXGroup;
			children = (
				6D6BEFC82425F42B00D19F0F /* AppDelegate.swift */,
				6D07EC5D2427414500B51B4C /* SceneDelegate.swift */,
			);
			path = Delegates;
			sourceTree = "<group>";
		};
		6D07EC6C24275DD900B51B4C /* Controllers */ = {
			isa = PBXGroup;
			children = (
				6D6BEFCC2425F42B00D19F0F /* OfflineRecognitionViewController.swift */,
				6D07EC6524275CA200B51B4C /* ResultsViewController.swift */,
				6D476F742433377F004D2F73 /* RealTimeRecognitionViewController.swift */,
			);
			path = Controllers;
			sourceTree = "<group>";
		};
		6D07EC6D24275DF700B51B4C /* Extensions */ = {
			isa = PBXGroup;
			children = (
				6D6BEFE22426126900D19F0F /* UIImage+Extension.swift */,
				6D07EC6724275D5100B51B4C /* String+Extension.swift */,
				6D07EC6924275D8800B51B4C /* CIImage+Extension.swift */,
			);
			path = Extensions;
			sourceTree = "<group>";
		};
		6D07EC6E24275E0A00B51B4C /* Models */ = {
			isa = PBXGroup;
			children = (
				6D6BEFE42426208800D19F0F /* SklearnModel.mlmodel */,
				6D2FEBC5246410D000220B28 /* KerasModel.mlmodel */,
			);
			path = Models;
			sourceTree = "<group>";
		};
		6D07EC6F2427632600B51B4C /* Fonts */ = {
			isa = PBXGroup;
			children = (
				6D07EC742427634800B51B4C /* Dana-FaNum-DemiBold.ttf */,
				6D07EC712427633200B51B4C /* Dana-FaNum-Regular.ttf */,
			);
			path = Fonts;
			sourceTree = "<group>";
		};
		6D6BEFBC2425F42B00D19F0F = {
			isa = PBXGroup;
			children = (
				6D6BEFC72425F42B00D19F0F /* Handwritten Digit Recognition */,
				6D6BEFC62425F42B00D19F0F /* Products */,
			);
			sourceTree = "<group>";
		};
		6D6BEFC62425F42B00D19F0F /* Products */ = {
			isa = PBXGroup;
			children = (
				6D6BEFC52425F42B00D19F0F /* Handwritten Digit Recognition.app */,
			);
			name = Products;
			sourceTree = "<group>";
		};
		6D6BEFC72425F42B00D19F0F /* Handwritten Digit Recognition */ = {
			isa = PBXGroup;
			children = (
				6D07EC6E24275E0A00B51B4C /* Models */,
				6D07EC6C24275DD900B51B4C /* Controllers */,
				6D07EC6D24275DF700B51B4C /* Extensions */,
				6D07EC6F2427632600B51B4C /* Fonts */,
				6D07EC6B24275DBB00B51B4C /* Delegates */,
				6D6BEFCE2425F42B00D19F0F /* Main.storyboard */,
				6D6BEFD12425F42F00D19F0F /* Assets.xcassets */,
				6D6BEFD32425F42F00D19F0F /* LaunchScreen.storyboard */,
				6D6BEFD62425F42F00D19F0F /* Info.plist */,
			);
			path = "Handwritten Digit Recognition";
			sourceTree = "<group>";
		};
/* End PBXGroup section */

/* Begin PBXNativeTarget section */
		6D6BEFC42425F42B00D19F0F /* Handwritten Digit Recognition */ = {
			isa = PBXNativeTarget;
			buildConfigurationList = 6D6BEFD92425F42F00D19F0F /* Build configuration list for PBXNativeTarget "Handwritten Digit Recognition" */;
			buildPhases = (
				6D6BEFC12425F42B00D19F0F /* Sources */,
				6D6BEFC22425F42B00D19F0F /* Frameworks */,
				6D6BEFC32425F42B00D19F0F /* Resources */,
			);
			buildRules = (
			);
			dependencies = (
			);
			name = "Handwritten Digit Recognition";
			productName = "Handwritten Digit Recognition";
			productReference = 6D6BEFC52425F42B00D19F0F /* Handwritten Digit Recognition.app */;
			productType = "com.apple.product-type.application";
		};
/* End PBXNativeTarget section */

/* Begin PBXProject section */
		6D6BEFBD2425F42B00D19F0F /* Project object */ = {
			isa = PBXProject;
			attributes = {
				LastSwiftUpdateCheck = 1130;
				LastUpgradeCheck = 1130;
				ORGANIZATIONNAME = Alexani;
				TargetAttributes = {
					6D6BEFC42425F42B00D19F0F = {
						CreatedOnToolsVersion = 11.3.1;
					};
				};
			};
			buildConfigurationList = 6D6BEFC02425F42B00D19F0F /* Build configuration list for PBXProject "Handwritten Digit Recognition" */;
			compatibilityVersion = "Xcode 9.3";
			developmentRegion = en;
			hasScannedForEncodings = 0;
			knownRegions = (
				en,
				Base,
			);
			mainGroup = 6D6BEFBC2425F42B00D19F0F;
			productRefGroup = 6D6BEFC62425F42B00D19F0F /* Products */;
			projectDirPath = "";
			projectRoot = "";
			targets = (
				6D6BEFC42425F42B00D19F0F /* Handwritten Digit Recognition */,
			);
		};
/* End PBXProject section */

/* Begin PBXResourcesBuildPhase section */
		6D6BEFC32425F42B00D19F0F /* Resources */ = {
			isa = PBXResourcesBuildPhase;
			buildActionMask = 2147483647;
			files = (
				6D6BEFD52425F42F00D19F0F /* LaunchScreen.storyboard in Resources */,
				6D07EC752427634800B51B4C /* Dana-FaNum-DemiBold.ttf in Resources */,
				6D6BEFD22425F42F00D19F0F /* Assets.xcassets in Resources */,
				6D6BEFD02425F42B00D19F0F /* Main.storyboard in Resources */,
				6D07EC732427633200B51B4C /* Dana-FaNum-Regular.ttf in Resources */,
			);
			runOnlyForDeploymentPostprocessing = 0;
		};
/* End PBXResourcesBuildPhase section */

/* Begin PBXSourcesBuildPhase section */
		6D6BEFC12425F42B00D19F0F /* Sources */ = {
			isa = PBXSourcesBuildPhase;
			buildActionMask = 2147483647;
			files = (
				6D07EC5E2427414500B51B4C /* SceneDelegate.swift in Sources */,
				6D07EC6A24275D8800B51B4C /* CIImage+Extension.swift in Sources */,
				6D07EC6824275D5100B51B4C /* String+Extension.swift in Sources */,
				6D6BEFCD2425F42B00D19F0F /* OfflineRecognitionViewController.swift in Sources */,
				6D6BEFC92425F42B00D19F0F /* AppDelegate.swift in Sources */,
				6D2FEBC6246410D000220B28 /* KerasModel.mlmodel in Sources */,
				6D6BEFE32426126900D19F0F /* UIImage+Extension.swift in Sources */,
				6D476F752433377F004D2F73 /* RealTimeRecognitionViewController.swift in Sources */,
				6D6BEFE52426208800D19F0F /* SklearnModel.mlmodel in Sources */,
				6D07EC6624275CA200B51B4C /* ResultsViewController.swift in Sources */,
			);
			runOnlyForDeploymentPostprocessing = 0;
		};
/* End PBXSourcesBuildPhase section */

/* Begin PBXVariantGroup section */
		6D6BEFCE2425F42B00D19F0F /* Main.storyboard */ = {
			isa = PBXVariantGroup;
			children = (
				6D6BEFCF2425F42B00D19F0F /* Base */,
			);
			name = Main.storyboard;
			sourceTree = "<group>";
		};
		6D6BEFD32425F42F00D19F0F /* LaunchScreen.storyboard */ = {
			isa = PBXVariantGroup;
			children = (
				6D6BEFD42425F42F00D19F0F /* Base */,
			);
			name = LaunchScreen.storyboard;
			sourceTree = "<group>";
		};
/* End PBXVariantGroup section */

/* Begin XCBuildConfiguration section */
		6D6BEFD72425F42F00D19F0F /* Debug */ = {
			isa = XCBuildConfiguration;
			buildSettings = {
				ALWAYS_SEARCH_USER_PATHS = NO;
				CLANG_ANALYZER_NONNULL = YES;
				CLANG_ANALYZER_NUMBER_OBJECT_CONVERSION = YES_AGGRESSIVE;
				CLANG_CXX_LANGUAGE_STANDARD = "gnu++14";
				CLANG_CXX_LIBRARY = "libc++";
				CLANG_ENABLE_MODULES = YES;
				CLANG_ENABLE_OBJC_ARC = YES;
				CLANG_ENABLE_OBJC_WEAK = YES;
				CLANG_WARN_BLOCK_CAPTURE_AUTORELEASING = YES;
				CLANG_WARN_BOOL_CONVERSION = YES;
				CLANG_WARN_COMMA = YES;
				CLANG_WARN_CONSTANT_CONVERSION = YES;
				CLANG_WARN_DEPRECATED_OBJC_IMPLEMENTATIONS = YES;
				CLANG_WARN_DIRECT_OBJC_ISA_USAGE = YES_ERROR;
				CLANG_WARN_DOCUMENTATION_COMMENTS = YES;
				CLANG_WARN_EMPTY_BODY = YES;
				CLANG_WARN_ENUM_CONVERSION = YES;
				CLANG_WARN_INFINITE_RECURSION = YES;
				CLANG_WARN_INT_CONVERSION = YES;
				CLANG_WARN_NON_LITERAL_NULL_CONVERSION = YES;
				CLANG_WARN_OBJC_IMPLICIT_RETAIN_SELF = YES;
				CLANG_WARN_OBJC_LITERAL_CONVERSION = YES;
				CLANG_WARN_OBJC_ROOT_CLASS = YES_ERROR;
				CLANG_WARN_RANGE_LOOP_ANALYSIS = YES;
				CLANG_WARN_STRICT_PROTOTYPES = YES;
				CLANG_WARN_SUSPICIOUS_MOVE = YES;
				CLANG_WARN_UNGUARDED_AVAILABILITY = YES_AGGRESSIVE;
				CLANG_WARN_UNREACHABLE_CODE = YES;
				CLANG_WARN__DUPLICATE_METHOD_MATCH = YES;
				COPY_PHASE_STRIP = NO;
				DEBUG_INFORMATION_FORMAT = dwarf;
				ENABLE_STRICT_OBJC_MSGSEND = YES;
				ENABLE_TESTABILITY = YES;
				GCC_C_LANGUAGE_STANDARD = gnu11;
				GCC_DYNAMIC_NO_PIC = NO;
				GCC_NO_COMMON_BLOCKS = YES;
				GCC_OPTIMIZATION_LEVEL = 0;
				GCC_PREPROCESSOR_DEFINITIONS = (
					"DEBUG=1",
					"$(inherited)",
				);
				GCC_WARN_64_TO_32_BIT_CONVERSION = YES;
				GCC_WARN_ABOUT_RETURN_TYPE = YES_ERROR;
				GCC_WARN_UNDECLARED_SELECTOR = YES;
				GCC_WARN_UNINITIALIZED_AUTOS = YES_AGGRESSIVE;
				GCC_WARN_UNUSED_FUNCTION = YES;
				GCC_WARN_UNUSED_VARIABLE = YES;
				IPHONEOS_DEPLOYMENT_TARGET = 13.2;
				MTL_ENABLE_DEBUG_INFO = INCLUDE_SOURCE;
				MTL_FAST_MATH = YES;
				ONLY_ACTIVE_ARCH = YES;
				SDKROOT = iphoneos;
				SWIFT_ACTIVE_COMPILATION_CONDITIONS = DEBUG;
				SWIFT_OPTIMIZATION_LEVEL = "-Onone";
			};
			name = Debug;
		};
		6D6BEFD82425F42F00D19F0F /* Release */ = {
			isa = XCBuildConfiguration;
			buildSettings = {
				ALWAYS_SEARCH_USER_PATHS = NO;
				CLANG_ANALYZER_NONNULL = YES;
				CLANG_ANALYZER_NUMBER_OBJECT_CONVERSION = YES_AGGRESSIVE;
				CLANG_CXX_LANGUAGE_STANDARD = "gnu++14";
				CLANG_CXX_LIBRARY = "libc++";
				CLANG_ENABLE_MODULES = YES;
				CLANG_ENABLE_OBJC_ARC = YES;
				CLANG_ENABLE_OBJC_WEAK = YES;
				CLANG_WARN_BLOCK_CAPTURE_AUTORELEASING = YES;
				CLANG_WARN_BOOL_CONVERSION = YES;
				CLANG_WARN_COMMA = YES;
				CLANG_WARN_CONSTANT_CONVERSION = YES;
				CLANG_WARN_DEPRECATED_OBJC_IMPLEMENTATIONS = YES;
				CLANG_WARN_DIRECT_OBJC_ISA_USAGE = YES_ERROR;
				CLANG_WARN_DOCUMENTATION_COMMENTS = YES;
				CLANG_WARN_EMPTY_BODY = YES;
				CLANG_WARN_ENUM_CONVERSION = YES;
				CLANG_WARN_INFINITE_RECURSION = YES;
				CLANG_WARN_INT_CONVERSION = YES;
				CLANG_WARN_NON_LITERAL_NULL_CONVERSION = YES;
				CLANG_WARN_OBJC_IMPLICIT_RETAIN_SELF = YES;
				CLANG_WARN_OBJC_LITERAL_CONVERSION = YES;
				CLANG_WARN_OBJC_ROOT_CLASS = YES_ERROR;
				CLANG_WARN_RANGE_LOOP_ANALYSIS = YES;
				CLANG_WARN_STRICT_PROTOTYPES = YES;
				CLANG_WARN_SUSPICIOUS_MOVE = YES;
				CLANG_WARN_UNGUARDED_AVAILABILITY = YES_AGGRESSIVE;
				CLANG_WARN_UNREACHABLE_CODE = YES;
				CLANG_WARN__DUPLICATE_METHOD_MATCH = YES;
				COPY_PHASE_STRIP = NO;
				DEBUG_INFORMATION_FORMAT = "dwarf-with-dsym";
				ENABLE_NS_ASSERTIONS = NO;
				ENABLE_STRICT_OBJC_MSGSEND = YES;
				GCC_C_LANGUAGE_STANDARD = gnu11;
				GCC_NO_COMMON_BLOCKS = YES;
				GCC_WARN_64_TO_32_BIT_CONVERSION = YES;
				GCC_WARN_ABOUT_RETURN_TYPE = YES_ERROR;
				GCC_WARN_UNDECLARED_SELECTOR = YES;
				GCC_WARN_UNINITIALIZED_AUTOS = YES_AGGRESSIVE;
				GCC_WARN_UNUSED_FUNCTION = YES;
				GCC_WARN_UNUSED_VARIABLE = YES;
				IPHONEOS_DEPLOYMENT_TARGET = 13.2;
				MTL_ENABLE_DEBUG_INFO = NO;
				MTL_FAST_MATH = YES;
				SDKROOT = iphoneos;
				SWIFT_COMPILATION_MODE = wholemodule;
				SWIFT_OPTIMIZATION_LEVEL = "-O";
				VALIDATE_PRODUCT = YES;
			};
			name = Release;
		};
		6D6BEFDA2425F42F00D19F0F /* Debug */ = {
			isa = XCBuildConfiguration;
			buildSettings = {
				ASSETCATALOG_COMPILER_APPICON_NAME = AppIcon;
				CODE_SIGN_STYLE = Automatic;
				DEVELOPMENT_TEAM = 32J3958STN;
				INFOPLIST_FILE = "Handwritten Digit Recognition/Info.plist";
				LD_RUNPATH_SEARCH_PATHS = (
					"$(inherited)",
					"@executable_path/Frameworks",
				);
				PRODUCT_BUNDLE_IDENTIFIER = "com.Alexani.Handwritten-Digit-Recognition";
				PRODUCT_NAME = "$(TARGET_NAME)";
				SWIFT_VERSION = 5.0;
				TARGETED_DEVICE_FAMILY = "1,2";
			};
			name = Debug;
		};
		6D6BEFDB2425F42F00D19F0F /* Release */ = {
			isa = XCBuildConfiguration;
			buildSettings = {
				ASSETCATALOG_COMPILER_APPICON_NAME = AppIcon;
				CODE_SIGN_STYLE = Automatic;
				DEVELOPMENT_TEAM = 32J3958STN;
				INFOPLIST_FILE = "Handwritten Digit Recognition/Info.plist";
				LD_RUNPATH_SEARCH_PATHS = (
					"$(inherited)",
					"@executable_path/Frameworks",
				);
				PRODUCT_BUNDLE_IDENTIFIER = "com.Alexani.Handwritten-Digit-Recognition";
				PRODUCT_NAME = "$(TARGET_NAME)";
				SWIFT_VERSION = 5.0;
				TARGETED_DEVICE_FAMILY = "1,2";
			};
			name = Release;
		};
/* End XCBuildConfiguration section */

/* Begin XCConfigurationList section */
		6D6BEFC02425F42B00D19F0F /* Build configuration list for PBXProject "Handwritten Digit Recognition" */ = {
			isa = XCConfigurationList;
			buildConfigurations = (
				6D6BEFD72425F42F00D19F0F /* Debug */,
				6D6BEFD82425F42F00D19F0F /* Release */,
			);
			defaultConfigurationIsVisible = 0;
			defaultConfigurationName = Release;
		};
		6D6BEFD92425F42F00D19F0F /* Build configuration list for PBXNativeTarget "Handwritten Digit Recognition" */ = {
			isa = XCConfigurationList;
			buildConfigurations = (
				6D6BEFDA2425F42F00D19F0F /* Debug */,
				6D6BEFDB2425F42F00D19F0F /* Release */,
			);
			defaultConfigurationIsVisible = 0;
			defaultConfigurationName = Release;
		};
/* End XCConfigurationList section */
	};
	rootObject = 6D6BEFBD2425F42B00D19F0F /* Project object */;
}
